
Microsoft Visual Studio Solution File, Format Version 12.00
# Visual Studio Version 17
VisualStudioVersion = 17.11.35431.28
MinimumVisualStudioVersion = 10.0.40219.1
Project("{FAE04EC0-301F-11D3-BF4B-00C04F79EFBC}") = "Bài 4", "Bài 4\Bài 4.csproj", "{0CE59A26-0227-4EE3-89DD-530B426C9977}"
EndProject
Global
	GlobalSection(SolutionConfigurationPlatforms) = preSolution
		Debug|Any CPU = Debug|Any CPU
		Release|Any CPU = Release|Any CPU
	EndGlobalSection
	GlobalSection(ProjectConfigurationPlatforms) = postSolution
		{0CE59A26-0227-4EE3-89DD-530B426C9977}.Debug|Any CPU.ActiveCfg = Debug|Any CPU
		{0CE59A26-0227-4EE3-89DD-530B426C9977}.Debug|Any CPU.Build.0 = Debug|Any CPU
		{0CE59A26-0227-4EE3-89DD-530B426C9977}.Release|Any CPU.ActiveCfg = Release|Any CPU
		{0CE59A26-0227-4EE3-89DD-530B426C9977}.Release|Any CPU.Build.0 = Release|Any CPU
	EndGlobalSection
	GlobalSection(SolutionProperties) = preSolution
		HideSolutionNode = FALSE
	EndGlobalSection
	GlobalSection(ExtensibilityGlobals) = postSolution
		SolutionGuid = {25490D71-0514-4557-BF47-4C51BF5EDE77}
	EndGlobalSection
EndGlobal
