
Microsoft Visual Studio Solution File, Format Version 12.00
# Visual Studio Version 17
VisualStudioVersion = 17.11.35431.28
MinimumVisualStudioVersion = 10.0.40219.1
Project("{FAE04EC0-301F-11D3-BF4B-00C04F79EFBC}") = "Bài 3", "Bài 3\Bài 3.csproj", "{50D9C3B1-BF86-4546-814C-92434E830AD2}"
EndProject
Global
	GlobalSection(SolutionConfigurationPlatforms) = preSolution
		Debug|Any CPU = Debug|Any CPU
		Release|Any CPU = Release|Any CPU
	EndGlobalSection
	GlobalSection(ProjectConfigurationPlatforms) = postSolution
		{50D9C3B1-BF86-4546-814C-92434E830AD2}.Debug|Any CPU.ActiveCfg = Debug|Any CPU
		{50D9C3B1-BF86-4546-814C-92434E830AD2}.Debug|Any CPU.Build.0 = Debug|Any CPU
		{50D9C3B1-BF86-4546-814C-92434E830AD2}.Release|Any CPU.ActiveCfg = Release|Any CPU
		{50D9C3B1-BF86-4546-814C-92434E830AD2}.Release|Any CPU.Build.0 = Release|Any CPU
	EndGlobalSection
	GlobalSection(SolutionProperties) = preSolution
		HideSolutionNode = FALSE
	EndGlobalSection
	GlobalSection(ExtensibilityGlobals) = postSolution
		SolutionGuid = {B35A2844-EFF6-4656-B1CB-F252E120E5C8}
	EndGlobalSection
EndGlobal
