
Microsoft Visual Studio Solution File, Format Version 12.00
# Visual Studio Version 17
VisualStudioVersion = 17.11.35431.28
MinimumVisualStudioVersion = 10.0.40219.1
Project("{FAE04EC0-301F-11D3-BF4B-00C04F79EFBC}") = "Bài 5", "Bài 5\Bài 5.csproj", "{DD9766C0-34E8-4F3E-AB97-FA3E43B9AC1A}"
EndProject
Global
	GlobalSection(SolutionConfigurationPlatforms) = preSolution
		Debug|Any CPU = Debug|Any CPU
		Release|Any CPU = Release|Any CPU
	EndGlobalSection
	GlobalSection(ProjectConfigurationPlatforms) = postSolution
		{DD9766C0-34E8-4F3E-AB97-FA3E43B9AC1A}.Debug|Any CPU.ActiveCfg = Debug|Any CPU
		{DD9766C0-34E8-4F3E-AB97-FA3E43B9AC1A}.Debug|Any CPU.Build.0 = Debug|Any CPU
		{DD9766C0-34E8-4F3E-AB97-FA3E43B9AC1A}.Release|Any CPU.ActiveCfg = Release|Any CPU
		{DD9766C0-34E8-4F3E-AB97-FA3E43B9AC1A}.Release|Any CPU.Build.0 = Release|Any CPU
	EndGlobalSection
	GlobalSection(SolutionProperties) = preSolution
		HideSolutionNode = FALSE
	EndGlobalSection
	GlobalSection(ExtensibilityGlobals) = postSolution
		SolutionGuid = {07BFBE85-A0F4-4880-8A4C-E20347C85312}
	EndGlobalSection
EndGlobal
