
Microsoft Visual Studio Solution File, Format Version 12.00
# Visual Studio Version 17
VisualStudioVersion = 17.11.35431.28
MinimumVisualStudioVersion = 10.0.40219.1
Project("{FAE04EC0-301F-11D3-BF4B-00C04F79EFBC}") = "bài 1", "bài 1\bài 1.csproj", "{9D802748-F744-4BE9-AD23-F4CD60BACF68}"
EndProject
Global
	GlobalSection(SolutionConfigurationPlatforms) = preSolution
		Debug|Any CPU = Debug|Any CPU
		Release|Any CPU = Release|Any CPU
	EndGlobalSection
	GlobalSection(ProjectConfigurationPlatforms) = postSolution
		{9D802748-F744-4BE9-AD23-F4CD60BACF68}.Debug|Any CPU.ActiveCfg = Debug|Any CPU
		{9D802748-F744-4BE9-AD23-F4CD60BACF68}.Debug|Any CPU.Build.0 = Debug|Any CPU
		{9D802748-F744-4BE9-AD23-F4CD60BACF68}.Release|Any CPU.ActiveCfg = Release|Any CPU
		{9D802748-F744-4BE9-AD23-F4CD60BACF68}.Release|Any CPU.Build.0 = Release|Any CPU
	EndGlobalSection
	GlobalSection(SolutionProperties) = preSolution
		HideSolutionNode = FALSE
	EndGlobalSection
	GlobalSection(ExtensibilityGlobals) = postSolution
		SolutionGuid = {6B99557B-69E0-4488-A63E-845D05F55B81}
	EndGlobalSection
EndGlobal
